
Microsoft Visual Studio Solution File, Format Version 12.00
# Visual Studio Version 16
VisualStudioVersion = 16.0.30907.101
MinimumVisualStudioVersion = 10.0.40219.1
Project("{FAE04EC0-301F-11D3-BF4B-00C04F79EFBC}") = "Shop", "Shop.csproj", "{205BAC14-DAE5-41E4-B972-4B61A3EB3EF2}"
EndProject
Global
	GlobalSection(SolutionConfigurationPlatforms) = preSolution
		Debug|Any CPU = Debug|Any CPU
		Release|Any CPU = Release|Any CPU
	EndGlobalSection
	GlobalSection(ProjectConfigurationPlatforms) = postSolution
		{205BAC14-DAE5-41E4-B972-4B61A3EB3EF2}.Debug|Any CPU.ActiveCfg = Debug|Any CPU
		{205BAC14-DAE5-41E4-B972-4B61A3EB3EF2}.Debug|Any CPU.Build.0 = Debug|Any CPU
		{205BAC14-DAE5-41E4-B972-4B61A3EB3EF2}.Release|Any CPU.ActiveCfg = Release|Any CPU
		{205BAC14-DAE5-41E4-B972-4B61A3EB3EF2}.Release|Any CPU.Build.0 = Release|Any CPU
	EndGlobalSection
	GlobalSection(SolutionProperties) = preSolution
		HideSolutionNode = FALSE
	EndGlobalSection
	GlobalSection(ExtensibilityGlobals) = postSolution
		SolutionGuid = {5C4C98DA-8D4E-41E4-9F04-7F2995A37130}
	EndGlobalSection
EndGlobal
